
Microsoft Visual Studio Solution File, Format Version 12.00
# Visual Studio Version 17
VisualStudioVersion = 17.5.002.0
MinimumVisualStudioVersion = 10.0.40219.1
Project("{9A19103F-16F7-4668-BE54-9A1E7A4F7556}") = "SdA.Games.RPG", "SdA.Games.RPG\SdA.Games.RPG.csproj", "{64850B29-76B2-43D8-A9C1-F3F57C68B219}"
EndProject
Project("{2150E333-8FDC-42A3-9474-1A3956D46DE8}") = "Apprentissages", "Apprentissages", "{0F041E31-BE2A-4C02-867D-124397BF2C9C}"
EndProject
Project("{9A19103F-16F7-4668-BE54-9A1E7A4F7556}") = "DecouverteEnums", "DecouverteEnums\DecouverteEnums.csproj", "{2435ACA1-5E54-4837-8075-46F0D4060E85}"
EndProject
Project("{2150E333-8FDC-42A3-9474-1A3956D46DE8}") = "Libs", "Libs", "{4E21D6FA-C833-453B-A572-3129A8861B68}"
EndProject
Project("{9A19103F-16F7-4668-BE54-9A1E7A4F7556}") = "SdA.Games.RPG.Core.Models.UI", "SdA.Games.RPG.Core.Models.UI\SdA.Games.RPG.Core.Models.UI.csproj", "{8F181469-3647-47D5-9C53-CC59EA829D11}"
EndProject
Project("{9A19103F-16F7-4668-BE54-9A1E7A4F7556}") = "ApprentissagePOO", "ApprentissagePOO\ApprentissagePOO.csproj", "{50717D02-9D61-4330-98E2-70671B0C3E8B}"
EndProject
Project("{FAE04EC0-301F-11D3-BF4B-00C04F79EFBC}") = "SdA.Games.RPG.Core.Models", "SdA.Games.RPG.Core.Models\SdA.Games.RPG.Core.Models.csproj", "{EEF63A69-8E46-4041-B13B-BB1ECE7CB597}"
EndProject
Project("{FAE04EC0-301F-11D3-BF4B-00C04F79EFBC}") = "SdA.Games.RPG.PoC", "SdA.Games.RPG.PoC\SdA.Games.RPG.PoC.csproj", "{7D143E96-D44C-4B60-B1D2-5F86F6E09FF9}"
EndProject
Global
	GlobalSection(SolutionConfigurationPlatforms) = preSolution
		Debug|Any CPU = Debug|Any CPU
		Release|Any CPU = Release|Any CPU
	EndGlobalSection
	GlobalSection(ProjectConfigurationPlatforms) = postSolution
		{64850B29-76B2-43D8-A9C1-F3F57C68B219}.Debug|Any CPU.ActiveCfg = Debug|Any CPU
		{64850B29-76B2-43D8-A9C1-F3F57C68B219}.Debug|Any CPU.Build.0 = Debug|Any CPU
		{64850B29-76B2-43D8-A9C1-F3F57C68B219}.Release|Any CPU.ActiveCfg = Release|Any CPU
		{64850B29-76B2-43D8-A9C1-F3F57C68B219}.Release|Any CPU.Build.0 = Release|Any CPU
		{2435ACA1-5E54-4837-8075-46F0D4060E85}.Debug|Any CPU.ActiveCfg = Debug|Any CPU
		{2435ACA1-5E54-4837-8075-46F0D4060E85}.Debug|Any CPU.Build.0 = Debug|Any CPU
		{2435ACA1-5E54-4837-8075-46F0D4060E85}.Release|Any CPU.ActiveCfg = Release|Any CPU
		{2435ACA1-5E54-4837-8075-46F0D4060E85}.Release|Any CPU.Build.0 = Release|Any CPU
		{8F181469-3647-47D5-9C53-CC59EA829D11}.Debug|Any CPU.ActiveCfg = Debug|Any CPU
		{8F181469-3647-47D5-9C53-CC59EA829D11}.Debug|Any CPU.Build.0 = Debug|Any CPU
		{8F181469-3647-47D5-9C53-CC59EA829D11}.Release|Any CPU.ActiveCfg = Release|Any CPU
		{8F181469-3647-47D5-9C53-CC59EA829D11}.Release|Any CPU.Build.0 = Release|Any CPU
		{50717D02-9D61-4330-98E2-70671B0C3E8B}.Debug|Any CPU.ActiveCfg = Debug|Any CPU
		{50717D02-9D61-4330-98E2-70671B0C3E8B}.Debug|Any CPU.Build.0 = Debug|Any CPU
		{50717D02-9D61-4330-98E2-70671B0C3E8B}.Release|Any CPU.ActiveCfg = Release|Any CPU
		{50717D02-9D61-4330-98E2-70671B0C3E8B}.Release|Any CPU.Build.0 = Release|Any CPU
		{EEF63A69-8E46-4041-B13B-BB1ECE7CB597}.Debug|Any CPU.ActiveCfg = Debug|Any CPU
		{EEF63A69-8E46-4041-B13B-BB1ECE7CB597}.Debug|Any CPU.Build.0 = Debug|Any CPU
		{EEF63A69-8E46-4041-B13B-BB1ECE7CB597}.Release|Any CPU.ActiveCfg = Release|Any CPU
		{EEF63A69-8E46-4041-B13B-BB1ECE7CB597}.Release|Any CPU.Build.0 = Release|Any CPU
		{7D143E96-D44C-4B60-B1D2-5F86F6E09FF9}.Debug|Any CPU.ActiveCfg = Debug|Any CPU
		{7D143E96-D44C-4B60-B1D2-5F86F6E09FF9}.Debug|Any CPU.Build.0 = Debug|Any CPU
		{7D143E96-D44C-4B60-B1D2-5F86F6E09FF9}.Release|Any CPU.ActiveCfg = Release|Any CPU
		{7D143E96-D44C-4B60-B1D2-5F86F6E09FF9}.Release|Any CPU.Build.0 = Release|Any CPU
	EndGlobalSection
	GlobalSection(SolutionProperties) = preSolution
		HideSolutionNode = FALSE
	EndGlobalSection
	GlobalSection(NestedProjects) = preSolution
		{2435ACA1-5E54-4837-8075-46F0D4060E85} = {0F041E31-BE2A-4C02-867D-124397BF2C9C}
		{8F181469-3647-47D5-9C53-CC59EA829D11} = {4E21D6FA-C833-453B-A572-3129A8861B68}
		{50717D02-9D61-4330-98E2-70671B0C3E8B} = {0F041E31-BE2A-4C02-867D-124397BF2C9C}
		{EEF63A69-8E46-4041-B13B-BB1ECE7CB597} = {4E21D6FA-C833-453B-A572-3129A8861B68}
	EndGlobalSection
	GlobalSection(ExtensibilityGlobals) = postSolution
		SolutionGuid = {502806BA-8972-423B-9B96-AB26442F2B16}
	EndGlobalSection
EndGlobal
